
Microsoft Visual Studio Solution File, Format Version 12.00
# Visual Studio Version 17
VisualStudioVersion = 17.10.35013.160
MinimumVisualStudioVersion = 10.0.40219.1
Project("{9A19103F-16F7-4668-BE54-9A1E7A4F7556}") = "CMS.Common", "CMS.Common\CMS.Common.csproj", "{3D1E65EF-8DFD-4EFB-A4B0-E4821C1DF874}"
EndProject
Project("{2150E333-8FDC-42A3-9474-1A3956D46DE8}") = "Services", "Services", "{4F3F8DFD-AE1C-4C87-9585-DC4523EA1101}"
EndProject
Project("{2150E333-8FDC-42A3-9474-1A3956D46DE8}") = "Tenant", "Tenant", "{A8EC1C53-E8A5-4B35-ADA8-8534EC0078EB}"
EndProject
Project("{9A19103F-16F7-4668-BE54-9A1E7A4F7556}") = "CMS.Tenant.Models", "Services\Tenant\CMS.Tenant.Models\CMS.Tenant.Models.csproj", "{D787C27F-9DAF-4E91-9221-41FF2AFB39E3}"
EndProject
Project("{9A19103F-16F7-4668-BE54-9A1E7A4F7556}") = "CMS.Tenant.DataAccess", "Services\Tenant\CMS.Tenant.DataAccess\CMS.Tenant.DataAccess.csproj", "{0728B040-335A-461A-B0DC-85C5610D38F4}"
EndProject
Project("{9A19103F-16F7-4668-BE54-9A1E7A4F7556}") = "CMS.Tenant.Buisness", "Services\Tenant\CMS.Tenant.Buisness\CMS.Tenant.Buisness.csproj", "{36B08C0C-7CDB-4E56-B38D-CF27E37A61C4}"
EndProject
Project("{9A19103F-16F7-4668-BE54-9A1E7A4F7556}") = "CMS.Tenant.API", "Services\Tenant\CMS.Tenant.API\CMS.Tenant.API.csproj", "{9591D54A-3A71-4721-B9F9-A7F348F7E244}"
EndProject
Project("{2150E333-8FDC-42A3-9474-1A3956D46DE8}") = "Identity", "Identity", "{D8E18F1A-33DA-4527-AA48-9E5132D831E0}"
EndProject
Project("{9A19103F-16F7-4668-BE54-9A1E7A4F7556}") = "CMS.Identity.DataAccess", "Services\Identity\CMS.Identity.DataAccess\CMS.Identity.DataAccess.csproj", "{0A30972D-5460-4EA9-B564-9A20D875B4EC}"
EndProject
Project("{FAE04EC0-301F-11D3-BF4B-00C04F79EFBC}") = "CMS.Identity.Models", "Services\Identity\CMS.Identity.Models\CMS.Identity.Models.csproj", "{1D5E698C-3CBF-46A1-BA88-AF4051B78930}"
EndProject
Project("{FAE04EC0-301F-11D3-BF4B-00C04F79EFBC}") = "CMS.Identity.Buisness", "Services\Identity\CMS.Identity.Buisness\CMS.Identity.Buisness.csproj", "{64C8FFBA-8A84-4307-A953-DDBFA8EEB140}"
EndProject
Project("{FAE04EC0-301F-11D3-BF4B-00C04F79EFBC}") = "CMS.Identity.API", "Services\Identity\CMS.Identity.API\CMS.Identity.API.csproj", "{F6A96858-0A41-4C9F-9557-2214A6263F69}"
EndProject
Project("{2150E333-8FDC-42A3-9474-1A3956D46DE8}") = "Reports", "Reports", "{25A5B6AC-3709-4046-87AA-44BBFF08040A}"
EndProject
Project("{FAE04EC0-301F-11D3-BF4B-00C04F79EFBC}") = "CMS.Reports.API", "Services\Reports\CMS.Reports.API\CMS.Reports.API.csproj", "{0F07B862-66FB-460A-A60F-6901E8210A36}"
EndProject
Project("{FAE04EC0-301F-11D3-BF4B-00C04F79EFBC}") = "CMS.Reports.Buisness", "Services\Reports\CMS.Reports.Buisness\CMS.Reports.Buisness.csproj", "{574729A7-D9F4-4DA4-903A-1E1818AA9D37}"
EndProject
Project("{FAE04EC0-301F-11D3-BF4B-00C04F79EFBC}") = "CMS.Reports.DataAccess", "Services\Reports\CMS.Reports.DataAccess\CMS.Reports.DataAccess.csproj", "{4CCE1654-35C1-4FF8-A3CA-C82943F60B1A}"
EndProject
Project("{FAE04EC0-301F-11D3-BF4B-00C04F79EFBC}") = "CMS.Reports.Models", "Services\Reports\CMS.Reports.Models\CMS.Reports.Models.csproj", "{3DA127B5-DF99-4750-B089-A13B9ABF56C1}"
EndProject
Project("{2150E333-8FDC-42A3-9474-1A3956D46DE8}") = "Coupon", "Coupon", "{8D26B27B-8781-4713-B8C1-B3D25C7C19B3}"
EndProject
Project("{FAE04EC0-301F-11D3-BF4B-00C04F79EFBC}") = "CMS.Coupon.Models", "Services\Coupon\CMS.Coupon.Models\CMS.Coupon.Models.csproj", "{22622F24-D94C-4496-9A2B-70BA08EB19D3}"
EndProject
Project("{FAE04EC0-301F-11D3-BF4B-00C04F79EFBC}") = "CMS.Coupon.DataAccess", "Services\Coupon\CMS.Coupon.DataAccess\CMS.Coupon.DataAccess.csproj", "{D986EE20-6B1B-41C7-92D5-0768E1753963}"
EndProject
Project("{FAE04EC0-301F-11D3-BF4B-00C04F79EFBC}") = "CMS.Coupon.Buisness", "Services\Coupon\CMS.Coupon.Buisness\CMS.Coupon.Buisness.csproj", "{2A0077A1-3E40-497E-8C6E-66D83E9D0B5F}"
EndProject
Project("{FAE04EC0-301F-11D3-BF4B-00C04F79EFBC}") = "CMS.Coupon.API", "Services\Coupon\CMS.Coupon.API\CMS.Coupon.API.csproj", "{5D181E50-7899-4EBF-8669-DDB164D398AB}"
EndProject
Project("{2150E333-8FDC-42A3-9474-1A3956D46DE8}") = "Masters", "Masters", "{153E4BFD-4091-40DF-9649-5E772602D94D}"
EndProject
Project("{FAE04EC0-301F-11D3-BF4B-00C04F79EFBC}") = "CMS.Masters.API", "Services\Masters\CMS.Masters.API\CMS.Masters.API.csproj", "{70C23439-ED07-46C9-B6B9-5EA46DE15A6F}"
EndProject
Project("{FAE04EC0-301F-11D3-BF4B-00C04F79EFBC}") = "CMS.Masters.Buisness", "Services\Masters\CMS.Masters.Buisness\CMS.Masters.Buisness.csproj", "{A7E1232A-CC8A-4113-8E84-011186D54ED6}"
EndProject
Project("{FAE04EC0-301F-11D3-BF4B-00C04F79EFBC}") = "CMS.Masters.DataAccess", "Services\Masters\CMS.Masters.DataAccess\CMS.Masters.DataAccess.csproj", "{23F4A4EF-5B6C-4CBC-B32F-05C283BCB67F}"
EndProject
Project("{FAE04EC0-301F-11D3-BF4B-00C04F79EFBC}") = "CMS.Masters.Models", "Services\Masters\CMS.Masters.Models\CMS.Masters.Models.csproj", "{A159B7F0-529D-4D25-AF8E-9810255D1FCF}"
EndProject
Global
	GlobalSection(SolutionConfigurationPlatforms) = preSolution
		Debug|Any CPU = Debug|Any CPU
		Release|Any CPU = Release|Any CPU
	EndGlobalSection
	GlobalSection(ProjectConfigurationPlatforms) = postSolution
		{3D1E65EF-8DFD-4EFB-A4B0-E4821C1DF874}.Debug|Any CPU.ActiveCfg = Debug|Any CPU
		{3D1E65EF-8DFD-4EFB-A4B0-E4821C1DF874}.Debug|Any CPU.Build.0 = Debug|Any CPU
		{3D1E65EF-8DFD-4EFB-A4B0-E4821C1DF874}.Release|Any CPU.ActiveCfg = Release|Any CPU
		{3D1E65EF-8DFD-4EFB-A4B0-E4821C1DF874}.Release|Any CPU.Build.0 = Release|Any CPU
		{D787C27F-9DAF-4E91-9221-41FF2AFB39E3}.Debug|Any CPU.ActiveCfg = Debug|Any CPU
		{D787C27F-9DAF-4E91-9221-41FF2AFB39E3}.Debug|Any CPU.Build.0 = Debug|Any CPU
		{D787C27F-9DAF-4E91-9221-41FF2AFB39E3}.Release|Any CPU.ActiveCfg = Release|Any CPU
		{D787C27F-9DAF-4E91-9221-41FF2AFB39E3}.Release|Any CPU.Build.0 = Release|Any CPU
		{0728B040-335A-461A-B0DC-85C5610D38F4}.Debug|Any CPU.ActiveCfg = Debug|Any CPU
		{0728B040-335A-461A-B0DC-85C5610D38F4}.Debug|Any CPU.Build.0 = Debug|Any CPU
		{0728B040-335A-461A-B0DC-85C5610D38F4}.Release|Any CPU.ActiveCfg = Release|Any CPU
		{0728B040-335A-461A-B0DC-85C5610D38F4}.Release|Any CPU.Build.0 = Release|Any CPU
		{36B08C0C-7CDB-4E56-B38D-CF27E37A61C4}.Debug|Any CPU.ActiveCfg = Debug|Any CPU
		{36B08C0C-7CDB-4E56-B38D-CF27E37A61C4}.Debug|Any CPU.Build.0 = Debug|Any CPU
		{36B08C0C-7CDB-4E56-B38D-CF27E37A61C4}.Release|Any CPU.ActiveCfg = Release|Any CPU
		{36B08C0C-7CDB-4E56-B38D-CF27E37A61C4}.Release|Any CPU.Build.0 = Release|Any CPU
		{9591D54A-3A71-4721-B9F9-A7F348F7E244}.Debug|Any CPU.ActiveCfg = Debug|Any CPU
		{9591D54A-3A71-4721-B9F9-A7F348F7E244}.Debug|Any CPU.Build.0 = Debug|Any CPU
		{9591D54A-3A71-4721-B9F9-A7F348F7E244}.Release|Any CPU.ActiveCfg = Release|Any CPU
		{9591D54A-3A71-4721-B9F9-A7F348F7E244}.Release|Any CPU.Build.0 = Release|Any CPU
		{0A30972D-5460-4EA9-B564-9A20D875B4EC}.Debug|Any CPU.ActiveCfg = Debug|Any CPU
		{0A30972D-5460-4EA9-B564-9A20D875B4EC}.Debug|Any CPU.Build.0 = Debug|Any CPU
		{0A30972D-5460-4EA9-B564-9A20D875B4EC}.Release|Any CPU.ActiveCfg = Release|Any CPU
		{0A30972D-5460-4EA9-B564-9A20D875B4EC}.Release|Any CPU.Build.0 = Release|Any CPU
		{1D5E698C-3CBF-46A1-BA88-AF4051B78930}.Debug|Any CPU.ActiveCfg = Debug|Any CPU
		{1D5E698C-3CBF-46A1-BA88-AF4051B78930}.Debug|Any CPU.Build.0 = Debug|Any CPU
		{1D5E698C-3CBF-46A1-BA88-AF4051B78930}.Release|Any CPU.ActiveCfg = Release|Any CPU
		{1D5E698C-3CBF-46A1-BA88-AF4051B78930}.Release|Any CPU.Build.0 = Release|Any CPU
		{64C8FFBA-8A84-4307-A953-DDBFA8EEB140}.Debug|Any CPU.ActiveCfg = Debug|Any CPU
		{64C8FFBA-8A84-4307-A953-DDBFA8EEB140}.Debug|Any CPU.Build.0 = Debug|Any CPU
		{64C8FFBA-8A84-4307-A953-DDBFA8EEB140}.Release|Any CPU.ActiveCfg = Release|Any CPU
		{64C8FFBA-8A84-4307-A953-DDBFA8EEB140}.Release|Any CPU.Build.0 = Release|Any CPU
		{F6A96858-0A41-4C9F-9557-2214A6263F69}.Debug|Any CPU.ActiveCfg = Debug|Any CPU
		{F6A96858-0A41-4C9F-9557-2214A6263F69}.Debug|Any CPU.Build.0 = Debug|Any CPU
		{F6A96858-0A41-4C9F-9557-2214A6263F69}.Release|Any CPU.ActiveCfg = Release|Any CPU
		{F6A96858-0A41-4C9F-9557-2214A6263F69}.Release|Any CPU.Build.0 = Release|Any CPU
		{0F07B862-66FB-460A-A60F-6901E8210A36}.Debug|Any CPU.ActiveCfg = Debug|Any CPU
		{0F07B862-66FB-460A-A60F-6901E8210A36}.Debug|Any CPU.Build.0 = Debug|Any CPU
		{0F07B862-66FB-460A-A60F-6901E8210A36}.Release|Any CPU.ActiveCfg = Release|Any CPU
		{0F07B862-66FB-460A-A60F-6901E8210A36}.Release|Any CPU.Build.0 = Release|Any CPU
		{574729A7-D9F4-4DA4-903A-1E1818AA9D37}.Debug|Any CPU.ActiveCfg = Debug|Any CPU
		{574729A7-D9F4-4DA4-903A-1E1818AA9D37}.Debug|Any CPU.Build.0 = Debug|Any CPU
		{574729A7-D9F4-4DA4-903A-1E1818AA9D37}.Release|Any CPU.ActiveCfg = Release|Any CPU
		{574729A7-D9F4-4DA4-903A-1E1818AA9D37}.Release|Any CPU.Build.0 = Release|Any CPU
		{4CCE1654-35C1-4FF8-A3CA-C82943F60B1A}.Debug|Any CPU.ActiveCfg = Debug|Any CPU
		{4CCE1654-35C1-4FF8-A3CA-C82943F60B1A}.Debug|Any CPU.Build.0 = Debug|Any CPU
		{4CCE1654-35C1-4FF8-A3CA-C82943F60B1A}.Release|Any CPU.ActiveCfg = Release|Any CPU
		{4CCE1654-35C1-4FF8-A3CA-C82943F60B1A}.Release|Any CPU.Build.0 = Release|Any CPU
		{3DA127B5-DF99-4750-B089-A13B9ABF56C1}.Debug|Any CPU.ActiveCfg = Debug|Any CPU
		{3DA127B5-DF99-4750-B089-A13B9ABF56C1}.Debug|Any CPU.Build.0 = Debug|Any CPU
		{3DA127B5-DF99-4750-B089-A13B9ABF56C1}.Release|Any CPU.ActiveCfg = Release|Any CPU
		{3DA127B5-DF99-4750-B089-A13B9ABF56C1}.Release|Any CPU.Build.0 = Release|Any CPU
		{22622F24-D94C-4496-9A2B-70BA08EB19D3}.Debug|Any CPU.ActiveCfg = Debug|Any CPU
		{22622F24-D94C-4496-9A2B-70BA08EB19D3}.Debug|Any CPU.Build.0 = Debug|Any CPU
		{22622F24-D94C-4496-9A2B-70BA08EB19D3}.Release|Any CPU.ActiveCfg = Release|Any CPU
		{22622F24-D94C-4496-9A2B-70BA08EB19D3}.Release|Any CPU.Build.0 = Release|Any CPU
		{D986EE20-6B1B-41C7-92D5-0768E1753963}.Debug|Any CPU.ActiveCfg = Debug|Any CPU
		{D986EE20-6B1B-41C7-92D5-0768E1753963}.Debug|Any CPU.Build.0 = Debug|Any CPU
		{D986EE20-6B1B-41C7-92D5-0768E1753963}.Release|Any CPU.ActiveCfg = Release|Any CPU
		{D986EE20-6B1B-41C7-92D5-0768E1753963}.Release|Any CPU.Build.0 = Release|Any CPU
		{2A0077A1-3E40-497E-8C6E-66D83E9D0B5F}.Debug|Any CPU.ActiveCfg = Debug|Any CPU
		{2A0077A1-3E40-497E-8C6E-66D83E9D0B5F}.Debug|Any CPU.Build.0 = Debug|Any CPU
		{2A0077A1-3E40-497E-8C6E-66D83E9D0B5F}.Release|Any CPU.ActiveCfg = Release|Any CPU
		{2A0077A1-3E40-497E-8C6E-66D83E9D0B5F}.Release|Any CPU.Build.0 = Release|Any CPU
		{5D181E50-7899-4EBF-8669-DDB164D398AB}.Debug|Any CPU.ActiveCfg = Debug|Any CPU
		{5D181E50-7899-4EBF-8669-DDB164D398AB}.Debug|Any CPU.Build.0 = Debug|Any CPU
		{5D181E50-7899-4EBF-8669-DDB164D398AB}.Release|Any CPU.ActiveCfg = Release|Any CPU
		{5D181E50-7899-4EBF-8669-DDB164D398AB}.Release|Any CPU.Build.0 = Release|Any CPU
		{70C23439-ED07-46C9-B6B9-5EA46DE15A6F}.Debug|Any CPU.ActiveCfg = Debug|Any CPU
		{70C23439-ED07-46C9-B6B9-5EA46DE15A6F}.Debug|Any CPU.Build.0 = Debug|Any CPU
		{70C23439-ED07-46C9-B6B9-5EA46DE15A6F}.Release|Any CPU.ActiveCfg = Release|Any CPU
		{70C23439-ED07-46C9-B6B9-5EA46DE15A6F}.Release|Any CPU.Build.0 = Release|Any CPU
		{A7E1232A-CC8A-4113-8E84-011186D54ED6}.Debug|Any CPU.ActiveCfg = Debug|Any CPU
		{A7E1232A-CC8A-4113-8E84-011186D54ED6}.Debug|Any CPU.Build.0 = Debug|Any CPU
		{A7E1232A-CC8A-4113-8E84-011186D54ED6}.Release|Any CPU.ActiveCfg = Release|Any CPU
		{A7E1232A-CC8A-4113-8E84-011186D54ED6}.Release|Any CPU.Build.0 = Release|Any CPU
		{23F4A4EF-5B6C-4CBC-B32F-05C283BCB67F}.Debug|Any CPU.ActiveCfg = Debug|Any CPU
		{23F4A4EF-5B6C-4CBC-B32F-05C283BCB67F}.Debug|Any CPU.Build.0 = Debug|Any CPU
		{23F4A4EF-5B6C-4CBC-B32F-05C283BCB67F}.Release|Any CPU.ActiveCfg = Release|Any CPU
		{23F4A4EF-5B6C-4CBC-B32F-05C283BCB67F}.Release|Any CPU.Build.0 = Release|Any CPU
		{A159B7F0-529D-4D25-AF8E-9810255D1FCF}.Debug|Any CPU.ActiveCfg = Debug|Any CPU
		{A159B7F0-529D-4D25-AF8E-9810255D1FCF}.Debug|Any CPU.Build.0 = Debug|Any CPU
		{A159B7F0-529D-4D25-AF8E-9810255D1FCF}.Release|Any CPU.ActiveCfg = Release|Any CPU
		{A159B7F0-529D-4D25-AF8E-9810255D1FCF}.Release|Any CPU.Build.0 = Release|Any CPU
	EndGlobalSection
	GlobalSection(SolutionProperties) = preSolution
		HideSolutionNode = FALSE
	EndGlobalSection
	GlobalSection(NestedProjects) = preSolution
		{A8EC1C53-E8A5-4B35-ADA8-8534EC0078EB} = {4F3F8DFD-AE1C-4C87-9585-DC4523EA1101}
		{D787C27F-9DAF-4E91-9221-41FF2AFB39E3} = {A8EC1C53-E8A5-4B35-ADA8-8534EC0078EB}
		{0728B040-335A-461A-B0DC-85C5610D38F4} = {A8EC1C53-E8A5-4B35-ADA8-8534EC0078EB}
		{36B08C0C-7CDB-4E56-B38D-CF27E37A61C4} = {A8EC1C53-E8A5-4B35-ADA8-8534EC0078EB}
		{9591D54A-3A71-4721-B9F9-A7F348F7E244} = {A8EC1C53-E8A5-4B35-ADA8-8534EC0078EB}
		{D8E18F1A-33DA-4527-AA48-9E5132D831E0} = {4F3F8DFD-AE1C-4C87-9585-DC4523EA1101}
		{0A30972D-5460-4EA9-B564-9A20D875B4EC} = {D8E18F1A-33DA-4527-AA48-9E5132D831E0}
		{1D5E698C-3CBF-46A1-BA88-AF4051B78930} = {D8E18F1A-33DA-4527-AA48-9E5132D831E0}
		{64C8FFBA-8A84-4307-A953-DDBFA8EEB140} = {D8E18F1A-33DA-4527-AA48-9E5132D831E0}
		{F6A96858-0A41-4C9F-9557-2214A6263F69} = {D8E18F1A-33DA-4527-AA48-9E5132D831E0}
		{25A5B6AC-3709-4046-87AA-44BBFF08040A} = {4F3F8DFD-AE1C-4C87-9585-DC4523EA1101}
		{0F07B862-66FB-460A-A60F-6901E8210A36} = {25A5B6AC-3709-4046-87AA-44BBFF08040A}
		{574729A7-D9F4-4DA4-903A-1E1818AA9D37} = {25A5B6AC-3709-4046-87AA-44BBFF08040A}
		{4CCE1654-35C1-4FF8-A3CA-C82943F60B1A} = {25A5B6AC-3709-4046-87AA-44BBFF08040A}
		{3DA127B5-DF99-4750-B089-A13B9ABF56C1} = {25A5B6AC-3709-4046-87AA-44BBFF08040A}
		{8D26B27B-8781-4713-B8C1-B3D25C7C19B3} = {4F3F8DFD-AE1C-4C87-9585-DC4523EA1101}
		{22622F24-D94C-4496-9A2B-70BA08EB19D3} = {8D26B27B-8781-4713-B8C1-B3D25C7C19B3}
		{D986EE20-6B1B-41C7-92D5-0768E1753963} = {8D26B27B-8781-4713-B8C1-B3D25C7C19B3}
		{2A0077A1-3E40-497E-8C6E-66D83E9D0B5F} = {8D26B27B-8781-4713-B8C1-B3D25C7C19B3}
		{5D181E50-7899-4EBF-8669-DDB164D398AB} = {8D26B27B-8781-4713-B8C1-B3D25C7C19B3}
		{153E4BFD-4091-40DF-9649-5E772602D94D} = {4F3F8DFD-AE1C-4C87-9585-DC4523EA1101}
		{70C23439-ED07-46C9-B6B9-5EA46DE15A6F} = {153E4BFD-4091-40DF-9649-5E772602D94D}
		{A7E1232A-CC8A-4113-8E84-011186D54ED6} = {153E4BFD-4091-40DF-9649-5E772602D94D}
		{23F4A4EF-5B6C-4CBC-B32F-05C283BCB67F} = {153E4BFD-4091-40DF-9649-5E772602D94D}
		{A159B7F0-529D-4D25-AF8E-9810255D1FCF} = {153E4BFD-4091-40DF-9649-5E772602D94D}
	EndGlobalSection
	GlobalSection(ExtensibilityGlobals) = postSolution
		SolutionGuid = {E2EEF15D-D4D9-4385-8A05-E9873ADED4C4}
	EndGlobalSection
EndGlobal
