
Microsoft Visual Studio Solution File, Format Version 12.00
# Visual Studio Version 17
VisualStudioVersion = 17.10.35013.160
MinimumVisualStudioVersion = 10.0.40219.1
Project("{9A19103F-16F7-4668-BE54-9A1E7A4F7556}") = "CMS.Common", "CMS.Common\CMS.Common.csproj", "{3D1E65EF-8DFD-4EFB-A4B0-E4821C1DF874}"
EndProject
Project("{2150E333-8FDC-42A3-9474-1A3956D46DE8}") = "Services", "Services", "{4F3F8DFD-AE1C-4C87-9585-DC4523EA1101}"
EndProject
Project("{2150E333-8FDC-42A3-9474-1A3956D46DE8}") = "Tenant", "Tenant", "{A8EC1C53-E8A5-4B35-ADA8-8534EC0078EB}"
EndProject
Project("{FAE04EC0-301F-11D3-BF4B-00C04F79EFBC}") = "CMS.Tenant.Models", "Services\Tenant\CMS.Tenant.Models\CMS.Tenant.Models.csproj", "{D787C27F-9DAF-4E91-9221-41FF2AFB39E3}"
EndProject
Project("{FAE04EC0-301F-11D3-BF4B-00C04F79EFBC}") = "CMS.Tenant.DataAccess", "Services\Tenant\CMS.Tenant.DataAccess\CMS.Tenant.DataAccess.csproj", "{0728B040-335A-461A-B0DC-85C5610D38F4}"
EndProject
Project("{FAE04EC0-301F-11D3-BF4B-00C04F79EFBC}") = "CMS.Tenant.Buisness", "Services\Tenant\CMS.Tenant.Buisness\CMS.Tenant.Buisness.csproj", "{36B08C0C-7CDB-4E56-B38D-CF27E37A61C4}"
EndProject
Project("{FAE04EC0-301F-11D3-BF4B-00C04F79EFBC}") = "CMS.Tenant.API", "Services\Tenant\CMS.Tenant.API\CMS.Tenant.API.csproj", "{9591D54A-3A71-4721-B9F9-A7F348F7E244}"
EndProject
Global
	GlobalSection(SolutionConfigurationPlatforms) = preSolution
		Debug|Any CPU = Debug|Any CPU
		Release|Any CPU = Release|Any CPU
	EndGlobalSection
	GlobalSection(ProjectConfigurationPlatforms) = postSolution
		{3D1E65EF-8DFD-4EFB-A4B0-E4821C1DF874}.Debug|Any CPU.ActiveCfg = Debug|Any CPU
		{3D1E65EF-8DFD-4EFB-A4B0-E4821C1DF874}.Debug|Any CPU.Build.0 = Debug|Any CPU
		{3D1E65EF-8DFD-4EFB-A4B0-E4821C1DF874}.Release|Any CPU.ActiveCfg = Release|Any CPU
		{3D1E65EF-8DFD-4EFB-A4B0-E4821C1DF874}.Release|Any CPU.Build.0 = Release|Any CPU
		{D787C27F-9DAF-4E91-9221-41FF2AFB39E3}.Debug|Any CPU.ActiveCfg = Debug|Any CPU
		{D787C27F-9DAF-4E91-9221-41FF2AFB39E3}.Debug|Any CPU.Build.0 = Debug|Any CPU
		{D787C27F-9DAF-4E91-9221-41FF2AFB39E3}.Release|Any CPU.ActiveCfg = Release|Any CPU
		{D787C27F-9DAF-4E91-9221-41FF2AFB39E3}.Release|Any CPU.Build.0 = Release|Any CPU
		{0728B040-335A-461A-B0DC-85C5610D38F4}.Debug|Any CPU.ActiveCfg = Debug|Any CPU
		{0728B040-335A-461A-B0DC-85C5610D38F4}.Debug|Any CPU.Build.0 = Debug|Any CPU
		{0728B040-335A-461A-B0DC-85C5610D38F4}.Release|Any CPU.ActiveCfg = Release|Any CPU
		{0728B040-335A-461A-B0DC-85C5610D38F4}.Release|Any CPU.Build.0 = Release|Any CPU
		{36B08C0C-7CDB-4E56-B38D-CF27E37A61C4}.Debug|Any CPU.ActiveCfg = Debug|Any CPU
		{36B08C0C-7CDB-4E56-B38D-CF27E37A61C4}.Debug|Any CPU.Build.0 = Debug|Any CPU
		{36B08C0C-7CDB-4E56-B38D-CF27E37A61C4}.Release|Any CPU.ActiveCfg = Release|Any CPU
		{36B08C0C-7CDB-4E56-B38D-CF27E37A61C4}.Release|Any CPU.Build.0 = Release|Any CPU
		{9591D54A-3A71-4721-B9F9-A7F348F7E244}.Debug|Any CPU.ActiveCfg = Debug|Any CPU
		{9591D54A-3A71-4721-B9F9-A7F348F7E244}.Debug|Any CPU.Build.0 = Debug|Any CPU
		{9591D54A-3A71-4721-B9F9-A7F348F7E244}.Release|Any CPU.ActiveCfg = Release|Any CPU
		{9591D54A-3A71-4721-B9F9-A7F348F7E244}.Release|Any CPU.Build.0 = Release|Any CPU
	EndGlobalSection
	GlobalSection(SolutionProperties) = preSolution
		HideSolutionNode = FALSE
	EndGlobalSection
	GlobalSection(NestedProjects) = preSolution
		{A8EC1C53-E8A5-4B35-ADA8-8534EC0078EB} = {4F3F8DFD-AE1C-4C87-9585-DC4523EA1101}
		{D787C27F-9DAF-4E91-9221-41FF2AFB39E3} = {A8EC1C53-E8A5-4B35-ADA8-8534EC0078EB}
		{0728B040-335A-461A-B0DC-85C5610D38F4} = {A8EC1C53-E8A5-4B35-ADA8-8534EC0078EB}
		{36B08C0C-7CDB-4E56-B38D-CF27E37A61C4} = {A8EC1C53-E8A5-4B35-ADA8-8534EC0078EB}
		{9591D54A-3A71-4721-B9F9-A7F348F7E244} = {A8EC1C53-E8A5-4B35-ADA8-8534EC0078EB}
	EndGlobalSection
	GlobalSection(ExtensibilityGlobals) = postSolution
		SolutionGuid = {E2EEF15D-D4D9-4385-8A05-E9873ADED4C4}
	EndGlobalSection
EndGlobal
