
Microsoft Visual Studio Solution File, Format Version 12.00
# Visual Studio Version 17
VisualStudioVersion = 17.10.35013.160
MinimumVisualStudioVersion = 10.0.40219.1
Project("{2150E333-8FDC-42A3-9474-1A3956D46DE8}") = "Services", "Services", "{DCF80C93-91C8-4E45-9298-E3BB864F3A47}"
EndProject
Project("{2150E333-8FDC-42A3-9474-1A3956D46DE8}") = "Tenant", "Tenant", "{2EABF9F1-B6C2-4D66-B35B-7B75A8E9323A}"
EndProject
Project("{2150E333-8FDC-42A3-9474-1A3956D46DE8}") = "Coupon", "Coupon", "{BA7E2882-88BD-443C-8113-E439A531DF68}"
EndProject
Project("{2150E333-8FDC-42A3-9474-1A3956D46DE8}") = "Identity", "Identity", "{4F40D689-B09B-4CB8-AC1B-5632F8BC547A}"
EndProject
Project("{2150E333-8FDC-42A3-9474-1A3956D46DE8}") = "Reports", "Reports", "{7DD4D844-6CF2-4851-A347-06C4FA63B9D1}"
EndProject
Project("{2150E333-8FDC-42A3-9474-1A3956D46DE8}") = "Masters", "Masters", "{9C9D0364-D692-406E-B1A3-4E2C64B42D1A}"
EndProject
Project("{FAE04EC0-301F-11D3-BF4B-00C04F79EFBC}") = "CMS.Tenant.Models", "CMS.Tenant.Models\CMS.Tenant.Models.csproj", "{872C482C-C421-41C6-AF65-CE06A4D76242}"
EndProject
Project("{FAE04EC0-301F-11D3-BF4B-00C04F79EFBC}") = "CMS.Tenant.DataAccess", "CMS.Tenant.DataAccess\CMS.Tenant.DataAccess.csproj", "{73F480B0-DCDE-4C4E-9C13-3B7D9DE719FD}"
EndProject
Project("{FAE04EC0-301F-11D3-BF4B-00C04F79EFBC}") = "CMS.Tenant.Buisness", "CMS.Tenant.Buisness\CMS.Tenant.Buisness.csproj", "{D1FD2B5B-8834-4AC4-A7DB-C53CCEDBFC14}"
EndProject
Project("{FAE04EC0-301F-11D3-BF4B-00C04F79EFBC}") = "CMS.Tenant.API", "CMS.Tenant.API\CMS.Tenant.API.csproj", "{4D5D9767-4A03-437E-8F5F-406519696314}"
EndProject
Project("{FAE04EC0-301F-11D3-BF4B-00C04F79EFBC}") = "CMS.Common", "CMS.Common\CMS.Common.csproj", "{3D1E65EF-8DFD-4EFB-A4B0-E4821C1DF874}"
EndProject
Global
	GlobalSection(SolutionConfigurationPlatforms) = preSolution
		Debug|Any CPU = Debug|Any CPU
		Release|Any CPU = Release|Any CPU
	EndGlobalSection
	GlobalSection(ProjectConfigurationPlatforms) = postSolution
		{872C482C-C421-41C6-AF65-CE06A4D76242}.Debug|Any CPU.ActiveCfg = Debug|Any CPU
		{872C482C-C421-41C6-AF65-CE06A4D76242}.Debug|Any CPU.Build.0 = Debug|Any CPU
		{872C482C-C421-41C6-AF65-CE06A4D76242}.Release|Any CPU.ActiveCfg = Release|Any CPU
		{872C482C-C421-41C6-AF65-CE06A4D76242}.Release|Any CPU.Build.0 = Release|Any CPU
		{73F480B0-DCDE-4C4E-9C13-3B7D9DE719FD}.Debug|Any CPU.ActiveCfg = Debug|Any CPU
		{73F480B0-DCDE-4C4E-9C13-3B7D9DE719FD}.Debug|Any CPU.Build.0 = Debug|Any CPU
		{73F480B0-DCDE-4C4E-9C13-3B7D9DE719FD}.Release|Any CPU.ActiveCfg = Release|Any CPU
		{73F480B0-DCDE-4C4E-9C13-3B7D9DE719FD}.Release|Any CPU.Build.0 = Release|Any CPU
		{D1FD2B5B-8834-4AC4-A7DB-C53CCEDBFC14}.Debug|Any CPU.ActiveCfg = Debug|Any CPU
		{D1FD2B5B-8834-4AC4-A7DB-C53CCEDBFC14}.Debug|Any CPU.Build.0 = Debug|Any CPU
		{D1FD2B5B-8834-4AC4-A7DB-C53CCEDBFC14}.Release|Any CPU.ActiveCfg = Release|Any CPU
		{D1FD2B5B-8834-4AC4-A7DB-C53CCEDBFC14}.Release|Any CPU.Build.0 = Release|Any CPU
		{4D5D9767-4A03-437E-8F5F-406519696314}.Debug|Any CPU.ActiveCfg = Debug|Any CPU
		{4D5D9767-4A03-437E-8F5F-406519696314}.Debug|Any CPU.Build.0 = Debug|Any CPU
		{4D5D9767-4A03-437E-8F5F-406519696314}.Release|Any CPU.ActiveCfg = Release|Any CPU
		{4D5D9767-4A03-437E-8F5F-406519696314}.Release|Any CPU.Build.0 = Release|Any CPU
		{3D1E65EF-8DFD-4EFB-A4B0-E4821C1DF874}.Debug|Any CPU.ActiveCfg = Debug|Any CPU
		{3D1E65EF-8DFD-4EFB-A4B0-E4821C1DF874}.Debug|Any CPU.Build.0 = Debug|Any CPU
		{3D1E65EF-8DFD-4EFB-A4B0-E4821C1DF874}.Release|Any CPU.ActiveCfg = Release|Any CPU
		{3D1E65EF-8DFD-4EFB-A4B0-E4821C1DF874}.Release|Any CPU.Build.0 = Release|Any CPU
	EndGlobalSection
	GlobalSection(SolutionProperties) = preSolution
		HideSolutionNode = FALSE
	EndGlobalSection
	GlobalSection(NestedProjects) = preSolution
		{2EABF9F1-B6C2-4D66-B35B-7B75A8E9323A} = {DCF80C93-91C8-4E45-9298-E3BB864F3A47}
		{BA7E2882-88BD-443C-8113-E439A531DF68} = {DCF80C93-91C8-4E45-9298-E3BB864F3A47}
		{4F40D689-B09B-4CB8-AC1B-5632F8BC547A} = {DCF80C93-91C8-4E45-9298-E3BB864F3A47}
		{7DD4D844-6CF2-4851-A347-06C4FA63B9D1} = {DCF80C93-91C8-4E45-9298-E3BB864F3A47}
		{9C9D0364-D692-406E-B1A3-4E2C64B42D1A} = {DCF80C93-91C8-4E45-9298-E3BB864F3A47}
		{872C482C-C421-41C6-AF65-CE06A4D76242} = {BA7E2882-88BD-443C-8113-E439A531DF68}
		{73F480B0-DCDE-4C4E-9C13-3B7D9DE719FD} = {BA7E2882-88BD-443C-8113-E439A531DF68}
		{D1FD2B5B-8834-4AC4-A7DB-C53CCEDBFC14} = {BA7E2882-88BD-443C-8113-E439A531DF68}
		{4D5D9767-4A03-437E-8F5F-406519696314} = {BA7E2882-88BD-443C-8113-E439A531DF68}
	EndGlobalSection
	GlobalSection(ExtensibilityGlobals) = postSolution
		SolutionGuid = {E2EEF15D-D4D9-4385-8A05-E9873ADED4C4}
	EndGlobalSection
EndGlobal
